// !$*UTF8*$!
{
	archiveVersion = 1;
	classes = {
	};
	objectVersion = 46;
	objects = {

/* Begin PBXBuildFile section */
		57145D671A3AFFCF00CD2104 /* main.m in Sources */ = {isa = PBXBuildFile; fileRef = 57145D661A3AFFCF00CD2104 /* main.m */; };
		57145D6A1A3AFFCF00CD2104 /* AppDelegate.m in Sources */ = {isa = PBXBuildFile; fileRef = 57145D691A3AFFCF00CD2104 /* AppDelegate.m */; };
		57145D6D1A3AFFCF00CD2104 /* RootViewController.m in Sources */ = {isa = PBXBuildFile; fileRef = 57145D6C1A3AFFCF00CD2104 /* RootViewController.m */; };
		57145D701A3AFFCF00CD2104 /* DataViewController.m in Sources */ = {isa = PBXBuildFile; fileRef = 57145D6F1A3AFFCF00CD2104 /* DataViewController.m */; };
		57145D731A3AFFCF00CD2104 /* ModelController.m in Sources */ = {isa = PBXBuildFile; fileRef = 57145D721A3AFFCF00CD2104 /* ModelController.m */; };
		57145D761A3AFFCF00CD2104 /* Main.storyboard in Resources */ = {isa = PBXBuildFile; fileRef = 57145D741A3AFFCF00CD2104 /* Main.storyboard */; };
		57145D781A3AFFCF00CD2104 /* Images.xcassets in Resources */ = {isa = PBXBuildFile; fileRef = 57145D771A3AFFCF00CD2104 /* Images.xcassets */; };
		57145D7B1A3AFFCF00CD2104 /* LaunchScreen.xib in Resources */ = {isa = PBXBuildFile; fileRef = 57145D791A3AFFCF00CD2104 /* LaunchScreen.xib */; };
		57145D871A3AFFCF00CD2104 /* PruebaTests.m in Sources */ = {isa = PBXBuildFile; fileRef = 57145D861A3AFFCF00CD2104 /* PruebaTests.m */; };
/* End PBXBuildFile section */

/* Begin PBXContainerItemProxy section */
		57145D811A3AFFCF00CD2104 /* PBXContainerItemProxy */ = {
			isa = PBXContainerItemProxy;
			containerPortal = 57145D591A3AFFCF00CD2104 /* Project object */;
			proxyType = 1;
			remoteGlobalIDString = 57145D601A3AFFCF00CD2104;
			remoteInfo = Prueba;
		};
/* End PBXContainerItemProxy section */

/* Begin PBXFileReference section */
		57145D611A3AFFCF00CD2104 /* Prueba.app */ = {isa = PBXFileReference; explicitFileType = wrapper.application; includeInIndex = 0; path = Prueba.app; sourceTree = BUILT_PRODUCTS_DIR; };
		57145D651A3AFFCF00CD2104 /* Info.plist */ = {isa = PBXFileReference; lastKnownFileType = text.plist.xml; path = Info.plist; sourceTree = "<group>"; };
		57145D661A3AFFCF00CD2104 /* main.m */ = {isa = PBXFileReference; lastKnownFileType = sourcecode.c.objc; path = main.m; sourceTree = "<group>"; };
		57145D681A3AFFCF00CD2104 /* AppDelegate.h */ = {isa = PBXFileReference; lastKnownFileType = sourcecode.c.h; path = AppDelegate.h; sourceTree = "<group>"; };
		57145D691A3AFFCF00CD2104 /* AppDelegate.m */ = {isa = PBXFileReference; lastKnownFileType = sourcecode.c.objc; path = AppDelegate.m; sourceTree = "<group>"; };
		57145D6B1A3AFFCF00CD2104 /* RootViewController.h */ = {isa = PBXFileReference; lastKnownFileType = sourcecode.c.h; path = RootViewController.h; sourceTree = "<group>"; };
		57145D6C1A3AFFCF00CD2104 /* RootViewController.m */ = {isa = PBXFileReference; lastKnownFileType = sourcecode.c.objc; path = RootViewController.m; sourceTree = "<group>"; };
		57145D6E1A3AFFCF00CD2104 /* DataViewController.h */ = {isa = PBXFileReference; lastKnownFileType = sourcecode.c.h; path = DataViewController.h; sourceTree = "<group>"; };
		57145D6F1A3AFFCF00CD2104 /* DataViewController.m */ = {isa = PBXFileReference; lastKnownFileType = sourcecode.c.objc; path = DataViewController.m; sourceTree = "<group>"; };
		57145D711A3AFFCF00CD2104 /* ModelController.h */ = {isa = PBXFileReference; lastKnownFileType = sourcecode.c.h; path = ModelController.h; sourceTree = "<group>"; };
		57145D721A3AFFCF00CD2104 /* ModelController.m */ = {isa = PBXFileReference; lastKnownFileType = sourcecode.c.objc; path = ModelController.m; sourceTree = "<group>"; };
		57145D751A3AFFCF00CD2104 /* Base */ = {isa = PBXFileReference; lastKnownFileType = file.storyboard; name = Base; path = Base.lproj/Main.storyboard; sourceTree = "<group>"; };
		57145D771A3AFFCF00CD2104 /* Images.xcassets */ = {isa = PBXFileReference; lastKnownFileType = folder.assetcatalog; path = Images.xcassets; sourceTree = "<group>"; };
		57145D7A1A3AFFCF00CD2104 /* Base */ = {isa = PBXFileReference; lastKnownFileType = file.xib; name = Base; path = Base.lproj/LaunchScreen.xib; sourceTree = "<group>"; };
		57145D801A3AFFCF00CD2104 /* PruebaTests.xctest */ = {isa = PBXFileReference; explicitFileType = wrapper.cfbundle; includeInIndex = 0; path = PruebaTests.xctest; sourceTree = BUILT_PRODUCTS_DIR; };
		57145D851A3AFFCF00CD2104 /* Info.plist */ = {isa = PBXFileReference; lastKnownFileType = text.plist.xml; path = Info.plist; sourceTree = "<group>"; };
		57145D861A3AFFCF00CD2104 /* PruebaTests.m */ = {isa = PBXFileReference; lastKnownFileType = sourcecode.c.objc; path = PruebaTests.m; sourceTree = "<group>"; };
/* End PBXFileReference section */

/* Begin PBXFrameworksBuildPhase section */
		57145D5E1A3AFFCF00CD2104 /* Frameworks */ = {
			isa = PBXFrameworksBuildPhase;
			buildActionMask = 2147483647;
			files = (
			);
			runOnlyForDeploymentPostprocessing = 0;
		};
		57145D7D1A3AFFCF00CD2104 /* Frameworks */ = {
			isa = PBXFrameworksBuildPhase;
			buildActionMask = 2147483647;
			files = (
			);
			runOnlyForDeploymentPostprocessing = 0;
		};
/* End PBXFrameworksBuildPhase section */

/* Begin PBXGroup section */
		57145D581A3AFFCF00CD2104 = {
			isa = PBXGroup;
			children = (
				57145D631A3AFFCF00CD2104 /* Prueba */,
				57145D831A3AFFCF00CD2104 /* PruebaTests */,
				57145D621A3AFFCF00CD2104 /* Products */,
			);
			sourceTree = "<group>";
		};
		57145D621A3AFFCF00CD2104 /* Products */ = {
			isa = PBXGroup;
			children = (
				57145D611A3AFFCF00CD2104 /* Prueba.app */,
				57145D801A3AFFCF00CD2104 /* PruebaTests.xctest */,
			);
			name = Products;
			sourceTree = "<group>";
		};
		57145D631A3AFFCF00CD2104 /* Prueba */ = {
			isa = PBXGroup;
			children = (
				57145D681A3AFFCF00CD2104 /* AppDelegate.h */,
				57145D691A3AFFCF00CD2104 /* AppDelegate.m */,
				57145D6B1A3AFFCF00CD2104 /* RootViewController.h */,
				57145D6C1A3AFFCF00CD2104 /* RootViewController.m */,
				57145D6E1A3AFFCF00CD2104 /* DataViewController.h */,
				57145D6F1A3AFFCF00CD2104 /* DataViewController.m */,
				57145D711A3AFFCF00CD2104 /* ModelController.h */,
				57145D721A3AFFCF00CD2104 /* ModelController.m */,
				57145D741A3AFFCF00CD2104 /* Main.storyboard */,
				57145D771A3AFFCF00CD2104 /* Images.xcassets */,
				57145D791A3AFFCF00CD2104 /* LaunchScreen.xib */,
				57145D641A3AFFCF00CD2104 /* Supporting Files */,
			);
			path = Prueba;
			sourceTree = "<group>";
		};
		57145D641A3AFFCF00CD2104 /* Supporting Files */ = {
			isa = PBXGroup;
			children = (
				57145D651A3AFFCF00CD2104 /* Info.plist */,
				57145D661A3AFFCF00CD2104 /* main.m */,
			);
			name = "Supporting Files";
			sourceTree = "<group>";
		};
		57145D831A3AFFCF00CD2104 /* PruebaTests */ = {
			isa = PBXGroup;
			children = (
				57145D861A3AFFCF00CD2104 /* PruebaTests.m */,
				57145D841A3AFFCF00CD2104 /* Supporting Files */,
			);
			path = PruebaTests;
			sourceTree = "<group>";
		};
		57145D841A3AFFCF00CD2104 /* Supporting Files */ = {
			isa = PBXGroup;
			children = (
				57145D851A3AFFCF00CD2104 /* Info.plist */,
			);
			name = "Supporting Files";
			sourceTree = "<group>";
		};
/* End PBXGroup section */

/* Begin PBXNativeTarget section */
		57145D601A3AFFCF00CD2104 /* Prueba */ = {
			isa = PBXNativeTarget;
			buildConfigurationList = 57145D8A1A3AFFCF00CD2104 /* Build configuration list for PBXNativeTarget "Prueba" */;
			buildPhases = (
				57145D5D1A3AFFCF00CD2104 /* Sources */,
				57145D5E1A3AFFCF00CD2104 /* Frameworks */,
				57145D5F1A3AFFCF00CD2104 /* Resources */,
			);
			buildRules = (
			);
			dependencies = (
			);
			name = Prueba;
			productName = Prueba;
			productReference = 57145D611A3AFFCF00CD2104 /* Prueba.app */;
			productType = "com.apple.product-type.application";
		};
		57145D7F1A3AFFCF00CD2104 /* PruebaTests */ = {
			isa = PBXNativeTarget;
			buildConfigurationList = 57145D8D1A3AFFCF00CD2104 /* Build configuration list for PBXNativeTarget "PruebaTests" */;
			buildPhases = (
				57145D7C1A3AFFCF00CD2104 /* Sources */,
				57145D7D1A3AFFCF00CD2104 /* Frameworks */,
				57145D7E1A3AFFCF00CD2104 /* Resources */,
			);
			buildRules = (
			);
			dependencies = (
				57145D821A3AFFCF00CD2104 /* PBXTargetDependency */,
			);
			name = PruebaTests;
			productName = PruebaTests;
			productReference = 57145D801A3AFFCF00CD2104 /* PruebaTests.xctest */;
			productType = "com.apple.product-type.bundle.unit-test";
		};
/* End PBXNativeTarget section */

/* Begin PBXProject section */
		57145D591A3AFFCF00CD2104 /* Project object */ = {
			isa = PBXProject;
			attributes = {
				LastUpgradeCheck = 0610;
				ORGANIZATIONNAME = "Victor Palma Carrasco";
				TargetAttributes = {
					57145D601A3AFFCF00CD2104 = {
						CreatedOnToolsVersion = 6.1;
					};
					57145D7F1A3AFFCF00CD2104 = {
						CreatedOnToolsVersion = 6.1;
						TestTargetID = 57145D601A3AFFCF00CD2104;
					};
				};
			};
			buildConfigurationList = 57145D5C1A3AFFCF00CD2104 /* Build configuration list for PBXProject "Prueba" */;
			compatibilityVersion = "Xcode 3.2";
			developmentRegion = English;
			hasScannedForEncodings = 0;
			knownRegions = (
				en,
				Base,
			);
			mainGroup = 57145D581A3AFFCF00CD2104;
			productRefGroup = 57145D621A3AFFCF00CD2104 /* Products */;
			projectDirPath = "";
			projectRoot = "";
			targets = (
				57145D601A3AFFCF00CD2104 /* Prueba */,
				57145D7F1A3AFFCF00CD2104 /* PruebaTests */,
			);
		};
/* End PBXProject section */

/* Begin PBXResourcesBuildPhase section */
		57145D5F1A3AFFCF00CD2104 /* Resources */ = {
			isa = PBXResourcesBuildPhase;
			buildActionMask = 2147483647;
			files = (
				57145D761A3AFFCF00CD2104 /* Main.storyboard in Resources */,
				57145D7B1A3AFFCF00CD2104 /* LaunchScreen.xib in Resources */,
				57145D781A3AFFCF00CD2104 /* Images.xcassets in Resources */,
			);
			runOnlyForDeploymentPostprocessing = 0;
		};
		57145D7E1A3AFFCF00CD2104 /* Resources */ = {
			isa = PBXResourcesBuildPhase;
			buildActionMask = 2147483647;
			files = (
			);
			runOnlyForDeploymentPostprocessing = 0;
		};
/* End PBXResourcesBuildPhase section */

/* Begin PBXSourcesBuildPhase section */
		57145D5D1A3AFFCF00CD2104 /* Sources */ = {
			isa = PBXSourcesBuildPhase;
			buildActionMask = 2147483647;
			files = (
				57145D701A3AFFCF00CD2104 /* DataViewController.m in Sources */,
				57145D6A1A3AFFCF00CD2104 /* AppDelegate.m in Sources */,
				57145D731A3AFFCF00CD2104 /* ModelController.m in Sources */,
				57145D671A3AFFCF00CD2104 /* main.m in Sources */,
				57145D6D1A3AFFCF00CD2104 /* RootViewController.m in Sources */,
			);
			runOnlyForDeploymentPostprocessing = 0;
		};
		57145D7C1A3AFFCF00CD2104 /* Sources */ = {
			isa = PBXSourcesBuildPhase;
			buildActionMask = 2147483647;
			files = (
				57145D871A3AFFCF00CD2104 /* PruebaTests.m in Sources */,
			);
			runOnlyForDeploymentPostprocessing = 0;
		};
/* End PBXSourcesBuildPhase section */

/* Begin PBXTargetDependency section */
		57145D821A3AFFCF00CD2104 /* PBXTargetDependency */ = {
			isa = PBXTargetDependency;
			target = 57145D601A3AFFCF00CD2104 /* Prueba */;
			targetProxy = 57145D811A3AFFCF00CD2104 /* PBXContainerItemProxy */;
		};
/* End PBXTargetDependency section */

/* Begin PBXVariantGroup section */
		57145D741A3AFFCF00CD2104 /* Main.storyboard */ = {
			isa = PBXVariantGroup;
			children = (
				57145D751A3AFFCF00CD2104 /* Base */,
			);
			name = Main.storyboard;
			sourceTree = "<group>";
		};
		57145D791A3AFFCF00CD2104 /* LaunchScreen.xib */ = {
			isa = PBXVariantGroup;
			children = (
				57145D7A1A3AFFCF00CD2104 /* Base */,
			);
			name = LaunchScreen.xib;
			sourceTree = "<group>";
		};
/* End PBXVariantGroup section */

/* Begin XCBuildConfiguration section */
		57145D881A3AFFCF00CD2104 /* Debug */ = {
			isa = XCBuildConfiguration;
			buildSettings = {
				ALWAYS_SEARCH_USER_PATHS = NO;
				CLANG_CXX_LANGUAGE_STANDARD = "gnu++0x";
				CLANG_CXX_LIBRARY = "libc++";
				CLANG_ENABLE_MODULES = YES;
				CLANG_ENABLE_OBJC_ARC = YES;
				CLANG_WARN_BOOL_CONVERSION = YES;
				CLANG_WARN_CONSTANT_CONVERSION = YES;
				CLANG_WARN_DIRECT_OBJC_ISA_USAGE = YES_ERROR;
				CLANG_WARN_EMPTY_BODY = YES;
				CLANG_WARN_ENUM_CONVERSION = YES;
				CLANG_WARN_INT_CONVERSION = YES;
				CLANG_WARN_OBJC_ROOT_CLASS = YES_ERROR;
				CLANG_WARN_UNREACHABLE_CODE = YES;
				CLANG_WARN__DUPLICATE_METHOD_MATCH = YES;
				"CODE_SIGN_IDENTITY[sdk=iphoneos*]" = "iPhone Developer";
				COPY_PHASE_STRIP = NO;
				ENABLE_STRICT_OBJC_MSGSEND = YES;
				GCC_C_LANGUAGE_STANDARD = gnu99;
				GCC_DYNAMIC_NO_PIC = NO;
				GCC_OPTIMIZATION_LEVEL = 0;
				GCC_PREPROCESSOR_DEFINITIONS = (
					"DEBUG=1",
					"$(inherited)",
				);
				GCC_SYMBOLS_PRIVATE_EXTERN = NO;
				GCC_WARN_64_TO_32_BIT_CONVERSION = YES;
				GCC_WARN_ABOUT_RETURN_TYPE = YES_ERROR;
				GCC_WARN_UNDECLARED_SELECTOR = YES;
				GCC_WARN_UNINITIALIZED_AUTOS = YES_AGGRESSIVE;
				GCC_WARN_UNUSED_FUNCTION = YES;
				GCC_WARN_UNUSED_VARIABLE = YES;
				IPHONEOS_DEPLOYMENT_TARGET = 8.1;
				MTL_ENABLE_DEBUG_INFO = YES;
				ONLY_ACTIVE_ARCH = YES;
				SDKROOT = iphoneos;
				TARGETED_DEVICE_FAMILY = "1,2";
			};
			name = Debug;
		};
		57145D891A3AFFCF00CD2104 /* Release */ = {
			isa = XCBuildConfiguration;
			buildSettings = {
				ALWAYS_SEARCH_USER_PATHS = NO;
				CLANG_CXX_LANGUAGE_STANDARD = "gnu++0x";
				CLANG_CXX_LIBRARY = "libc++";
				CLANG_ENABLE_MODULES = YES;
				CLANG_ENABLE_OBJC_ARC = YES;
				CLANG_WARN_BOOL_CONVERSION = YES;
				CLANG_WARN_CONSTANT_CONVERSION = YES;
				CLANG_WARN_DIRECT_OBJC_ISA_USAGE = YES_ERROR;
				CLANG_WARN_EMPTY_BODY = YES;
				CLANG_WARN_ENUM_CONVERSION = YES;
				CLANG_WARN_INT_CONVERSION = YES;
				CLANG_WARN_OBJC_ROOT_CLASS = YES_ERROR;
				CLANG_WARN_UNREACHABLE_CODE = YES;
				CLANG_WARN__DUPLICATE_METHOD_MATCH = YES;
				"CODE_SIGN_IDENTITY[sdk=iphoneos*]" = "iPhone Developer";
				COPY_PHASE_STRIP = YES;
				ENABLE_NS_ASSERTIONS = NO;
				ENABLE_STRICT_OBJC_MSGSEND = YES;
				GCC_C_LANGUAGE_STANDARD = gnu99;
				GCC_WARN_64_TO_32_BIT_CONVERSION = YES;
				GCC_WARN_ABOUT_RETURN_TYPE = YES_ERROR;
				GCC_WARN_UNDECLARED_SELECTOR = YES;
				GCC_WARN_UNINITIALIZED_AUTOS = YES_AGGRESSIVE;
				GCC_WARN_UNUSED_FUNCTION = YES;
				GCC_WARN_UNUSED_VARIABLE = YES;
				IPHONEOS_DEPLOYMENT_TARGET = 8.1;
				MTL_ENABLE_DEBUG_INFO = NO;
				SDKROOT = iphoneos;
				TARGETED_DEVICE_FAMILY = "1,2";
				VALIDATE_PRODUCT = YES;
			};
			name = Release;
		};
		57145D8B1A3AFFCF00CD2104 /* Debug */ = {
			isa = XCBuildConfiguration;
			buildSettings = {
				ASSETCATALOG_COMPILER_APPICON_NAME = AppIcon;
				INFOPLIST_FILE = Prueba/Info.plist;
				LD_RUNPATH_SEARCH_PATHS = "$(inherited) @executable_path/Frameworks";
				PRODUCT_NAME = "$(TARGET_NAME)";
			};
			name = Debug;
		};
		57145D8C1A3AFFCF00CD2104 /* Release */ = {
			isa = XCBuildConfiguration;
			buildSettings = {
				ASSETCATALOG_COMPILER_APPICON_NAME = AppIcon;
				INFOPLIST_FILE = Prueba/Info.plist;
				LD_RUNPATH_SEARCH_PATHS = "$(inherited) @executable_path/Frameworks";
				PRODUCT_NAME = "$(TARGET_NAME)";
			};
			name = Release;
		};
		57145D8E1A3AFFCF00CD2104 /* Debug */ = {
			isa = XCBuildConfiguration;
			buildSettings = {
				BUNDLE_LOADER = "$(TEST_HOST)";
				FRAMEWORK_SEARCH_PATHS = (
					"$(SDKROOT)/Developer/Library/Frameworks",
					"$(inherited)",
				);
				GCC_PREPROCESSOR_DEFINITIONS = (
					"DEBUG=1",
					"$(inherited)",
				);
				INFOPLIST_FILE = PruebaTests/Info.plist;
				LD_RUNPATH_SEARCH_PATHS = "$(inherited) @executable_path/Frameworks @loader_path/Frameworks";
				PRODUCT_NAME = "$(TARGET_NAME)";
				TEST_HOST = "$(BUILT_PRODUCTS_DIR)/Prueba.app/Prueba";
			};
			name = Debug;
		};
		57145D8F1A3AFFCF00CD2104 /* Release */ = {
			isa = XCBuildConfiguration;
			buildSettings = {
				BUNDLE_LOADER = "$(TEST_HOST)";
				FRAMEWORK_SEARCH_PATHS = (
					"$(SDKROOT)/Developer/Library/Frameworks",
					"$(inherited)",
				);
				INFOPLIST_FILE = PruebaTests/Info.plist;
				LD_RUNPATH_SEARCH_PATHS = "$(inherited) @executable_path/Frameworks @loader_path/Frameworks";
				PRODUCT_NAME = "$(TARGET_NAME)";
				TEST_HOST = "$(BUILT_PRODUCTS_DIR)/Prueba.app/Prueba";
			};
			name = Release;
		};
/* End XCBuildConfiguration section */

/* Begin XCConfigurationList section */
		57145D5C1A3AFFCF00CD2104 /* Build configuration list for PBXProject "Prueba" */ = {
			isa = XCConfigurationList;
			buildConfigurations = (
				57145D881A3AFFCF00CD2104 /* Debug */,
				57145D891A3AFFCF00CD2104 /* Release */,
			);
			defaultConfigurationIsVisible = 0;
			defaultConfigurationName = Release;
		};
		57145D8A1A3AFFCF00CD2104 /* Build configuration list for PBXNativeTarget "Prueba" */ = {
			isa = XCConfigurationList;
			buildConfigurations = (
				57145D8B1A3AFFCF00CD2104 /* Debug */,
				57145D8C1A3AFFCF00CD2104 /* Release */,
			);
			defaultConfigurationIsVisible = 0;
		};
		57145D8D1A3AFFCF00CD2104 /* Build configuration list for PBXNativeTarget "PruebaTests" */ = {
			isa = XCConfigurationList;
			buildConfigurations = (
				57145D8E1A3AFFCF00CD2104 /* Debug */,
				57145D8F1A3AFFCF00CD2104 /* Release */,
			);
			defaultConfigurationIsVisible = 0;
		};
/* End XCConfigurationList section */
	};
	rootObject = 57145D591A3AFFCF00CD2104 /* Project object */;
}
